
Microsoft Visual Studio Solution File, Format Version 12.00
# Visual Studio Version 17
VisualStudioVersion = 17.0.32014.148
MinimumVisualStudioVersion = 10.0.40219.1
Project("{9A19103F-16F7-4668-BE54-9A1E7A4F7556}") = "DoctorDetail", "DoctorDetail\DoctorDetail.csproj", "{5B5BD0BE-EA40-4830-9403-47BD4D66FB88}"
EndProject
Global
	GlobalSection(SolutionConfigurationPlatforms) = preSolution
		Debug|Any CPU = Debug|Any CPU
		Release|Any CPU = Release|Any CPU
	EndGlobalSection
	GlobalSection(ProjectConfigurationPlatforms) = postSolution
		{5B5BD0BE-EA40-4830-9403-47BD4D66FB88}.Debug|Any CPU.ActiveCfg = Debug|Any CPU
		{5B5BD0BE-EA40-4830-9403-47BD4D66FB88}.Debug|Any CPU.Build.0 = Debug|Any CPU
		{5B5BD0BE-EA40-4830-9403-47BD4D66FB88}.Release|Any CPU.ActiveCfg = Release|Any CPU
		{5B5BD0BE-EA40-4830-9403-47BD4D66FB88}.Release|Any CPU.Build.0 = Release|Any CPU
	EndGlobalSection
	GlobalSection(SolutionProperties) = preSolution
		HideSolutionNode = FALSE
	EndGlobalSection
	GlobalSection(ExtensibilityGlobals) = postSolution
		SolutionGuid = {B0B777B4-03EB-42D3-B91C-A8A12C0934AA}
	EndGlobalSection
EndGlobal
